
Microsoft Visual Studio Solution File, Format Version 12.00
# Visual Studio Version 16
VisualStudioVersion = 16.0.28823.117
MinimumVisualStudioVersion = 10.0.40219.1
Project("{9A19103F-16F7-4668-BE54-9A1E7A4F7556}") = "WebHookReciever", "IssuesToWorkItems\WebHookReciever.csproj", "{F230765F-81C0-405E-9BA7-0B662A5D0AED}"
EndProject
Global
	GlobalSection(SolutionConfigurationPlatforms) = preSolution
		Debug|Any CPU = Debug|Any CPU
		Release|Any CPU = Release|Any CPU
	EndGlobalSection
	GlobalSection(ProjectConfigurationPlatforms) = postSolution
		{F230765F-81C0-405E-9BA7-0B662A5D0AED}.Debug|Any CPU.ActiveCfg = Debug|Any CPU
		{F230765F-81C0-405E-9BA7-0B662A5D0AED}.Debug|Any CPU.Build.0 = Debug|Any CPU
		{F230765F-81C0-405E-9BA7-0B662A5D0AED}.Release|Any CPU.ActiveCfg = Release|Any CPU
		{F230765F-81C0-405E-9BA7-0B662A5D0AED}.Release|Any CPU.Build.0 = Release|Any CPU
	EndGlobalSection
	GlobalSection(SolutionProperties) = preSolution
		HideSolutionNode = FALSE
	EndGlobalSection
	GlobalSection(ExtensibilityGlobals) = postSolution
		SolutionGuid = {CF103C74-2EA6-44F3-BD74-510F0D0C3753}
	EndGlobalSection
EndGlobal
